
Microsoft Visual Studio Solution File, Format Version 12.00
# Visual Studio Version 16
VisualStudioVersion = 16.0.31112.23
MinimumVisualStudioVersion = 10.0.40219.1
Project("{FAE04EC0-301F-11D3-BF4B-00C04F79EFBC}") = "EggShell", "EggShell\EggShell.csproj", "{D2958882-B56F-4487-A467-77A6AFA00100}"
EndProject
Global
	GlobalSection(SolutionConfigurationPlatforms) = preSolution
		Debug|Any CPU = Debug|Any CPU
		Release|Any CPU = Release|Any CPU
	EndGlobalSection
	GlobalSection(ProjectConfigurationPlatforms) = postSolution
		{D2958882-B56F-4487-A467-77A6AFA00100}.Debug|Any CPU.ActiveCfg = Debug|Any CPU
		{D2958882-B56F-4487-A467-77A6AFA00100}.Debug|Any CPU.Build.0 = Debug|Any CPU
		{D2958882-B56F-4487-A467-77A6AFA00100}.Release|Any CPU.ActiveCfg = Release|Any CPU
		{D2958882-B56F-4487-A467-77A6AFA00100}.Release|Any CPU.Build.0 = Release|Any CPU
	EndGlobalSection
	GlobalSection(SolutionProperties) = preSolution
		HideSolutionNode = FALSE
	EndGlobalSection
	GlobalSection(ExtensibilityGlobals) = postSolution
		SolutionGuid = {FF14D90C-7700-484C-9B07-83168EF59795}
	EndGlobalSection
EndGlobal
